
Microsoft Visual Studio Solution File, Format Version 12.00
# Visual Studio Version 17
VisualStudioVersion = 17.8.34511.84
MinimumVisualStudioVersion = 10.0.40219.1
Project("{FAE04EC0-301F-11D3-BF4B-00C04F79EFBC}") = "RealState.WebAPI", "RealState.WebAPI\RealState.WebAPI.csproj", "{54A2EEDB-A211-47A2-AC74-04F99E1D4332}"
EndProject
Project("{FAE04EC0-301F-11D3-BF4B-00C04F79EFBC}") = "RealState.Domain", "RealState.Domain\RealState.Domain.csproj", "{4B8B0D11-F6D5-48DB-ACF7-F1400C337498}"
EndProject
Project("{FAE04EC0-301F-11D3-BF4B-00C04F79EFBC}") = "RealState.Application", "RealState.Application\RealState.Application.csproj", "{DD3947BE-911D-4BAF-A902-66F2BC4932A1}"
EndProject
Project("{FAE04EC0-301F-11D3-BF4B-00C04F79EFBC}") = "RealState.Infra", "RealState.Infra\RealState.Infra.csproj", "{5671DC16-30DE-49ED-AB8D-96E14C792F21}"
EndProject
Global
	GlobalSection(SolutionConfigurationPlatforms) = preSolution
		Debug|Any CPU = Debug|Any CPU
		Release|Any CPU = Release|Any CPU
	EndGlobalSection
	GlobalSection(ProjectConfigurationPlatforms) = postSolution
		{54A2EEDB-A211-47A2-AC74-04F99E1D4332}.Debug|Any CPU.ActiveCfg = Debug|Any CPU
		{54A2EEDB-A211-47A2-AC74-04F99E1D4332}.Debug|Any CPU.Build.0 = Debug|Any CPU
		{54A2EEDB-A211-47A2-AC74-04F99E1D4332}.Release|Any CPU.ActiveCfg = Release|Any CPU
		{54A2EEDB-A211-47A2-AC74-04F99E1D4332}.Release|Any CPU.Build.0 = Release|Any CPU
		{4B8B0D11-F6D5-48DB-ACF7-F1400C337498}.Debug|Any CPU.ActiveCfg = Debug|Any CPU
		{4B8B0D11-F6D5-48DB-ACF7-F1400C337498}.Debug|Any CPU.Build.0 = Debug|Any CPU
		{4B8B0D11-F6D5-48DB-ACF7-F1400C337498}.Release|Any CPU.ActiveCfg = Release|Any CPU
		{4B8B0D11-F6D5-48DB-ACF7-F1400C337498}.Release|Any CPU.Build.0 = Release|Any CPU
		{DD3947BE-911D-4BAF-A902-66F2BC4932A1}.Debug|Any CPU.ActiveCfg = Debug|Any CPU
		{DD3947BE-911D-4BAF-A902-66F2BC4932A1}.Debug|Any CPU.Build.0 = Debug|Any CPU
		{DD3947BE-911D-4BAF-A902-66F2BC4932A1}.Release|Any CPU.ActiveCfg = Release|Any CPU
		{DD3947BE-911D-4BAF-A902-66F2BC4932A1}.Release|Any CPU.Build.0 = Release|Any CPU
		{5671DC16-30DE-49ED-AB8D-96E14C792F21}.Debug|Any CPU.ActiveCfg = Debug|Any CPU
		{5671DC16-30DE-49ED-AB8D-96E14C792F21}.Debug|Any CPU.Build.0 = Debug|Any CPU
		{5671DC16-30DE-49ED-AB8D-96E14C792F21}.Release|Any CPU.ActiveCfg = Release|Any CPU
		{5671DC16-30DE-49ED-AB8D-96E14C792F21}.Release|Any CPU.Build.0 = Release|Any CPU
	EndGlobalSection
	GlobalSection(SolutionProperties) = preSolution
		HideSolutionNode = FALSE
	EndGlobalSection
	GlobalSection(ExtensibilityGlobals) = postSolution
		SolutionGuid = {46BC430B-5ADE-470C-8E5F-BF8E97C62FD7}
	EndGlobalSection
EndGlobal
